# This file is generated by running "yarn install" inside your project.
# Manual changes might be lost - proceed with caution!

__metadata:
  version: 7
  cacheKey: 9

"common-tags@npm:1.8.2":
  version: 1.8.2
  resolution: "common-tags@npm:1.8.2"
  checksum: e1080df9fd8eefd8c4b4a983dc39b41c251d85a05c15991592762ff0c78b433e9ac7bb02518c12a89d1cb33dbb466872fbbb7030ecfc7142b0810747e7859b3b
  languageName: node
  linkType: hard

"webpack5-google-tag-manager-plugin@workspace:.":
  version: 0.0.0-use.local
  resolution: "webpack5-google-tag-manager-plugin@workspace:."
  dependencies:
    common-tags: "npm:1.8.2"
  peerDependencies:
    html-webpack-plugin: ^5.5.0
    webpack: ^5.72.1
    webpack-cli: ^4.9.2
  languageName: unknown
  linkType: soft
